
Microsoft Visual Studio Solution File, Format Version 12.00
# Visual Studio 15
VisualStudioVersion = 15.0.27428.2015
MinimumVisualStudioVersion = 10.0.40219.1
Project("{FAE04EC0-301F-11D3-BF4B-00C04F79EFBC}") = "KissIt", "KissIt\KissIt.csproj", "{DA51FA15-0256-4751-8EB6-424D439FF649}"
EndProject
Global
	GlobalSection(SolutionConfigurationPlatforms) = preSolution
		Debug|Any CPU = Debug|Any CPU
		Release|Any CPU = Release|Any CPU
	EndGlobalSection
	GlobalSection(ProjectConfigurationPlatforms) = postSolution
		{DA51FA15-0256-4751-8EB6-424D439FF649}.Debug|Any CPU.ActiveCfg = Debug|Any CPU
		{DA51FA15-0256-4751-8EB6-424D439FF649}.Debug|Any CPU.Build.0 = Debug|Any CPU
		{DA51FA15-0256-4751-8EB6-424D439FF649}.Release|Any CPU.ActiveCfg = Release|Any CPU
		{DA51FA15-0256-4751-8EB6-424D439FF649}.Release|Any CPU.Build.0 = Release|Any CPU
	EndGlobalSection
	GlobalSection(SolutionProperties) = preSolution
		HideSolutionNode = FALSE
	EndGlobalSection
	GlobalSection(ExtensibilityGlobals) = postSolution
		SolutionGuid = {51D5728D-4202-49C6-BB2F-A8D455285F43}
	EndGlobalSection
EndGlobal
